
Microsoft Visual Studio Solution File, Format Version 12.00
# Visual Studio 15
VisualStudioVersion = 15.0.27130.2036
MinimumVisualStudioVersion = 10.0.40219.1
Project("{9A19103F-16F7-4668-BE54-9A1E7A4F7556}") = "MigsModernization", "WebApplication2\MigsModernization.csproj", "{5C6F6621-B98E-4EAD-A1A7-83BBD5E34478}"
EndProject
Global
	GlobalSection(SolutionConfigurationPlatforms) = preSolution
		Debug|Any CPU = Debug|Any CPU
		Release|Any CPU = Release|Any CPU
	EndGlobalSection
	GlobalSection(ProjectConfigurationPlatforms) = postSolution
		{5C6F6621-B98E-4EAD-A1A7-83BBD5E34478}.Debug|Any CPU.ActiveCfg = Debug|Any CPU
		{5C6F6621-B98E-4EAD-A1A7-83BBD5E34478}.Debug|Any CPU.Build.0 = Debug|Any CPU
		{5C6F6621-B98E-4EAD-A1A7-83BBD5E34478}.Release|Any CPU.ActiveCfg = Release|Any CPU
		{5C6F6621-B98E-4EAD-A1A7-83BBD5E34478}.Release|Any CPU.Build.0 = Release|Any CPU
	EndGlobalSection
	GlobalSection(SolutionProperties) = preSolution
		HideSolutionNode = FALSE
	EndGlobalSection
	GlobalSection(ExtensibilityGlobals) = postSolution
		SolutionGuid = {89A95E12-D3F6-4425-9690-D1B286527154}
	EndGlobalSection
EndGlobal
